{
  "name": "@lockedinlabs-ai/lockedin-flow",
  "version": "0.4.17",
  "lockfileVersion": 3,
  "requires": true,
  "packages": {
    "": {
      "name": "@lockedinlabs-ai/lockedin-flow",
      "version": "0.4.17",
      "cpu": [
        "arm64"
      ],
      "license": "MIT",
      "os": [
        "darwin"
      ],
      "bin": {
        "lockedin-flow": "scripts/lockedin-flow.mjs"
      },
      "engines": {
        "node": ">=20"
      }
    }
  }
}
