{
  "originHash" : "95b3ab61151f54171f5b2a367a74a0641ee89359f8249cd3148c299f872cd68a",
  "pins" : [
    {
      "identity" : "fluidaudio",
      "kind" : "remoteSourceControl",
      "location" : "https://github.com/FluidInference/FluidAudio.git",
      "state" : {
        "revision" : "b811a61569aa02691c99b808d08ee989b630c133",
        "version" : "0.16.1"
      }
    }
  ],
  "version" : 3
}
