{
  "originHash": "bbbbbbbbbbbbbbbbbbbbbbbbbbbbbbbbbbbbbbbbbbbbbbbbbbbbbbbbbbbbbbbb",
  "pins": [
    {
      "identity": "examplelib",
      "kind": "remoteSourceControl",
      "location": "https://github.com/example/ExampleLib.git",
      "state": {
        "revision": "aaaaaaaaaaaaaaaaaaaaaaaaaaaaaaaaaaaaaaaa",
        "version": "1.4.0"
      }
    }
  ],
  "version": 3
}
